// !$*UTF8*$!
{
	archiveVersion = 1;
	classes = {
	};
	objectVersion = 70;
	objects = {

/* Begin PBXBuildFile section */
		8A4563A62CB08C68000E29F6 /* CaptionViewModel.swift in Sources */ = {isa = PBXBuildFile; fileRef = 8A4563A52CB08C68000E29F6 /* CaptionViewModel.swift */; };
		8A50A9E12C19D15300DCA88C /* ContentView.swift in Sources */ = {isa = PBXBuildFile; fileRef = 8A50A9E02C19D15300DCA88C /* ContentView.swift */; };
		8A50A9E32C19D15500DCA88C /* Assets.xcassets in Resources */ = {isa = PBXBuildFile; fileRef = 8A50A9E22C19D15500DCA88C /* Assets.xcassets */; };
		8A50A9E62C19D15500DCA88C /* Preview Assets.xcassets in Resources */ = {isa = PBXBuildFile; fileRef = 8A50A9E52C19D15500DCA88C /* Preview Assets.xcassets */; };
		8A5582A02C3C35950012D58C /* cattoApp.swift in Sources */ = {isa = PBXBuildFile; fileRef = 8A55829F2C3C35950012D58C /* cattoApp.swift */; };
		8A5C9AF52CAAA2D50024AC6A /* CatCardView.swift in Sources */ = {isa = PBXBuildFile; fileRef = 8A5C9AF42CAAA2D50024AC6A /* CatCardView.swift */; };
		8A5C9AF92CAAA32C0024AC6A /* CatCardViewModel.swift in Sources */ = {isa = PBXBuildFile; fileRef = 8A5C9AF82CAAA32C0024AC6A /* CatCardViewModel.swift */; };
		8A64FF792C222AC1001BB68D /* MiauTextField.swift in Sources */ = {isa = PBXBuildFile; fileRef = 8A64FF782C222AC1001BB68D /* MiauTextField.swift */; };
		8A7FE1F62C245E31005C0B3A /* CatView.swift in Sources */ = {isa = PBXBuildFile; fileRef = 8A7FE1F52C245E31005C0B3A /* CatView.swift */; };
		8A7FE1F82C246E07005C0B3A /* CaptionView.swift in Sources */ = {isa = PBXBuildFile; fileRef = 8A7FE1F72C246E07005C0B3A /* CaptionView.swift */; };
		8A7FE1FA2C25B175005C0B3A /* CatViewModel.swift in Sources */ = {isa = PBXBuildFile; fileRef = 8A7FE1F92C25B175005C0B3A /* CatViewModel.swift */; };
		8AB014DF2C21C4C6002DBA02 /* MiauCards.swift in Sources */ = {isa = PBXBuildFile; fileRef = 8AB014DE2C21C4C6002DBA02 /* MiauCards.swift */; };
		8AB014E12C21C9B2002DBA02 /* MiauButton.swift in Sources */ = {isa = PBXBuildFile; fileRef = 8AB014E02C21C9B2002DBA02 /* MiauButton.swift */; };
		8AB1E23A2C381B0F00FE4D61 /* CatModel.swift in Sources */ = {isa = PBXBuildFile; fileRef = 8AB1E2392C381B0F00FE4D61 /* CatModel.swift */; };
		8AB1E23E2C38222400FE4D61 /* CatUserCase.swift in Sources */ = {isa = PBXBuildFile; fileRef = 8AB1E23D2C38222400FE4D61 /* CatUserCase.swift */; };
		8AD96E1B2C20254300EB2F5B /* Inter-Light.ttf in Resources */ = {isa = PBXBuildFile; fileRef = 8AD96E182C20254300EB2F5B /* Inter-Light.ttf */; };
		8AD96E1D2C20254300EB2F5B /* Inter-Regular.ttf in Resources */ = {isa = PBXBuildFile; fileRef = 8AD96E1A2C20254300EB2F5B /* Inter-Regular.ttf */; };
		8AD96E202C20264200EB2F5B /* MiauFonts.swift in Sources */ = {isa = PBXBuildFile; fileRef = 8AD96E1F2C20264200EB2F5B /* MiauFonts.swift */; };
		8AD96E232C2026D900EB2F5B /* InknutAntiqua-Bold.ttf in Resources */ = {isa = PBXBuildFile; fileRef = 8AD96E212C2026D800EB2F5B /* InknutAntiqua-Bold.ttf */; };
		8AD96E242C2026D900EB2F5B /* InknutAntiqua-Medium.ttf in Resources */ = {isa = PBXBuildFile; fileRef = 8AD96E222C2026D900EB2F5B /* InknutAntiqua-Medium.ttf */; };
		8AD96E262C20382E00EB2F5B /* Inter-Bold.ttf in Resources */ = {isa = PBXBuildFile; fileRef = 8AD96E252C20382E00EB2F5B /* Inter-Bold.ttf */; };
		8ADEEB152C1B21B5006B1C04 /* MiauColors.swift in Sources */ = {isa = PBXBuildFile; fileRef = 8ADEEB142C1B21B5006B1C04 /* MiauColors.swift */; };
/* End PBXBuildFile section */

/* Begin PBXFileReference section */
		8A4563A52CB08C68000E29F6 /* CaptionViewModel.swift */ = {isa = PBXFileReference; lastKnownFileType = sourcecode.swift; path = CaptionViewModel.swift; sourceTree = "<group>"; };
		8A50A9DB2C19D15300DCA88C /* catto.app */ = {isa = PBXFileReference; explicitFileType = wrapper.application; includeInIndex = 0; path = catto.app; sourceTree = BUILT_PRODUCTS_DIR; };
		8A50A9E02C19D15300DCA88C /* ContentView.swift */ = {isa = PBXFileReference; lastKnownFileType = sourcecode.swift; path = ContentView.swift; sourceTree = "<group>"; };
		8A50A9E22C19D15500DCA88C /* Assets.xcassets */ = {isa = PBXFileReference; lastKnownFileType = folder.assetcatalog; path = Assets.xcassets; sourceTree = "<group>"; };
		8A50A9E52C19D15500DCA88C /* Preview Assets.xcassets */ = {isa = PBXFileReference; lastKnownFileType = folder.assetcatalog; path = "Preview Assets.xcassets"; sourceTree = "<group>"; };
		8A55829F2C3C35950012D58C /* cattoApp.swift */ = {isa = PBXFileReference; lastKnownFileType = sourcecode.swift; path = cattoApp.swift; sourceTree = "<group>"; };
		8A5C9AF42CAAA2D50024AC6A /* CatCardView.swift */ = {isa = PBXFileReference; lastKnownFileType = sourcecode.swift; path = CatCardView.swift; sourceTree = "<group>"; };
		8A5C9AF82CAAA32C0024AC6A /* CatCardViewModel.swift */ = {isa = PBXFileReference; lastKnownFileType = sourcecode.swift; path = CatCardViewModel.swift; sourceTree = "<group>"; };
		8A64FF782C222AC1001BB68D /* MiauTextField.swift */ = {isa = PBXFileReference; lastKnownFileType = sourcecode.swift; path = MiauTextField.swift; sourceTree = "<group>"; };
		8A7FE1F52C245E31005C0B3A /* CatView.swift */ = {isa = PBXFileReference; lastKnownFileType = sourcecode.swift; path = CatView.swift; sourceTree = "<group>"; };
		8A7FE1F72C246E07005C0B3A /* CaptionView.swift */ = {isa = PBXFileReference; lastKnownFileType = sourcecode.swift; path = CaptionView.swift; sourceTree = "<group>"; };
		8A7FE1F92C25B175005C0B3A /* CatViewModel.swift */ = {isa = PBXFileReference; lastKnownFileType = sourcecode.swift; path = CatViewModel.swift; sourceTree = "<group>"; };
		8AB014DE2C21C4C6002DBA02 /* MiauCards.swift */ = {isa = PBXFileReference; lastKnownFileType = sourcecode.swift; path = MiauCards.swift; sourceTree = "<group>"; };
		8AB014E02C21C9B2002DBA02 /* MiauButton.swift */ = {isa = PBXFileReference; lastKnownFileType = sourcecode.swift; path = MiauButton.swift; sourceTree = "<group>"; };
		8AB1E2392C381B0F00FE4D61 /* CatModel.swift */ = {isa = PBXFileReference; lastKnownFileType = sourcecode.swift; path = CatModel.swift; sourceTree = "<group>"; };
		8AB1E23D2C38222400FE4D61 /* CatUserCase.swift */ = {isa = PBXFileReference; lastKnownFileType = sourcecode.swift; path = CatUserCase.swift; sourceTree = "<group>"; };
		8AD96E182C20254300EB2F5B /* Inter-Light.ttf */ = {isa = PBXFileReference; lastKnownFileType = file; path = "Inter-Light.ttf"; sourceTree = "<group>"; };
		8AD96E1A2C20254300EB2F5B /* Inter-Regular.ttf */ = {isa = PBXFileReference; lastKnownFileType = file; path = "Inter-Regular.ttf"; sourceTree = "<group>"; };
		8AD96E1E2C2025E600EB2F5B /* Info.plist */ = {isa = PBXFileReference; lastKnownFileType = text.plist; path = Info.plist; sourceTree = "<group>"; };
		8AD96E1F2C20264200EB2F5B /* MiauFonts.swift */ = {isa = PBXFileReference; lastKnownFileType = sourcecode.swift; path = MiauFonts.swift; sourceTree = "<group>"; };
		8AD96E212C2026D800EB2F5B /* InknutAntiqua-Bold.ttf */ = {isa = PBXFileReference; lastKnownFileType = file; path = "InknutAntiqua-Bold.ttf"; sourceTree = "<group>"; };
		8AD96E222C2026D900EB2F5B /* InknutAntiqua-Medium.ttf */ = {isa = PBXFileReference; lastKnownFileType = file; path = "InknutAntiqua-Medium.ttf"; sourceTree = "<group>"; };
		8AD96E252C20382E00EB2F5B /* Inter-Bold.ttf */ = {isa = PBXFileReference; lastKnownFileType = file; path = "Inter-Bold.ttf"; sourceTree = "<group>"; };
		8ADEEB142C1B21B5006B1C04 /* MiauColors.swift */ = {isa = PBXFileReference; lastKnownFileType = sourcecode.swift; path = MiauColors.swift; sourceTree = "<group>"; };
/* End PBXFileReference section */

/* Begin PBXFileSystemSynchronizedRootGroup section */
		8AEE39582C9D427500C42BC0 /* Resource */ = {isa = PBXFileSystemSynchronizedRootGroup; explicitFileTypes = {}; explicitFolders = (); path = Resource; sourceTree = "<group>"; };
/* End PBXFileSystemSynchronizedRootGroup section */

/* Begin PBXFrameworksBuildPhase section */
		8A50A9D82C19D15300DCA88C /* Frameworks */ = {
			isa = PBXFrameworksBuildPhase;
			buildActionMask = 2147483647;
			files = (
			);
			runOnlyForDeploymentPostprocessing = 0;
		};
/* End PBXFrameworksBuildPhase section */

/* Begin PBXGroup section */
		8A0D8AF22C3ABA8400C069C0 /* Tests */ = {
			isa = PBXGroup;
			children = (
			);
			path = Tests;
			sourceTree = "<group>";
		};
		8A50A9D22C19D15300DCA88C = {
			isa = PBXGroup;
			children = (
				8A50A9DD2C19D15300DCA88C /* catto */,
				8A50A9DC2C19D15300DCA88C /* Products */,
			);
			sourceTree = "<group>";
		};
		8A50A9DC2C19D15300DCA88C /* Products */ = {
			isa = PBXGroup;
			children = (
				8A50A9DB2C19D15300DCA88C /* catto.app */,
			);
			name = Products;
			sourceTree = "<group>";
		};
		8A50A9DD2C19D15300DCA88C /* catto */ = {
			isa = PBXGroup;
			children = (
				8A55829F2C3C35950012D58C /* cattoApp.swift */,
				8A50A9E02C19D15300DCA88C /* ContentView.swift */,
				8A50A9E22C19D15500DCA88C /* Assets.xcassets */,
				8AD96E1E2C2025E600EB2F5B /* Info.plist */,
				8A7FE1F32C245E1B005C0B3A /* Features */,
				8ADEEB102C1B16E9006B1C04 /* Miau */,
				8A50A9E42C19D15500DCA88C /* Preview Content */,
			);
			path = catto;
			sourceTree = "<group>";
		};
		8A50A9E42C19D15500DCA88C /* Preview Content */ = {
			isa = PBXGroup;
			children = (
				8A50A9E52C19D15500DCA88C /* Preview Assets.xcassets */,
			);
			path = "Preview Content";
			sourceTree = "<group>";
		};
		8A5C9AF32CAA981F0024AC6A /* Captions */ = {
			isa = PBXGroup;
			children = (
				8A7FE1F72C246E07005C0B3A /* CaptionView.swift */,
				8A4563A52CB08C68000E29F6 /* CaptionViewModel.swift */,
			);
			path = Captions;
			sourceTree = "<group>";
		};
		8A7FE1F32C245E1B005C0B3A /* Features */ = {
			isa = PBXGroup;
			children = (
				8A7FE1F42C245E25005C0B3A /* Cats */,
				8A5C9AF32CAA981F0024AC6A /* Captions */,
				8AB1E2382C381A9200FE4D61 /* Model */,
				8AEE39582C9D427500C42BC0 /* Resource */,
				8A0D8AF22C3ABA8400C069C0 /* Tests */,
			);
			path = Features;
			sourceTree = "<group>";
		};
		8A7FE1F42C245E25005C0B3A /* Cats */ = {
			isa = PBXGroup;
			children = (
				8A7FE1F52C245E31005C0B3A /* CatView.swift */,
				8A7FE1F92C25B175005C0B3A /* CatViewModel.swift */,
				8A5C9AF42CAAA2D50024AC6A /* CatCardView.swift */,
				8A5C9AF82CAAA32C0024AC6A /* CatCardViewModel.swift */,
			);
			path = Cats;
			sourceTree = "<group>";
		};
		8AB1E2382C381A9200FE4D61 /* Model */ = {
			isa = PBXGroup;
			children = (
				8AB1E2392C381B0F00FE4D61 /* CatModel.swift */,
				8AB1E23D2C38222400FE4D61 /* CatUserCase.swift */,
			);
			path = Model;
			sourceTree = "<group>";
		};
		8AD96E172C20252F00EB2F5B /* Fonts */ = {
			isa = PBXGroup;
			children = (
				8AD96E212C2026D800EB2F5B /* InknutAntiqua-Bold.ttf */,
				8AD96E222C2026D900EB2F5B /* InknutAntiqua-Medium.ttf */,
				8AD96E182C20254300EB2F5B /* Inter-Light.ttf */,
				8AD96E252C20382E00EB2F5B /* Inter-Bold.ttf */,
				8AD96E1A2C20254300EB2F5B /* Inter-Regular.ttf */,
			);
			path = Fonts;
			sourceTree = "<group>";
		};
		8ADEEB102C1B16E9006B1C04 /* Miau */ = {
			isa = PBXGroup;
			children = (
				8AD96E172C20252F00EB2F5B /* Fonts */,
				8ADEEB142C1B21B5006B1C04 /* MiauColors.swift */,
				8A64FF782C222AC1001BB68D /* MiauTextField.swift */,
				8AD96E1F2C20264200EB2F5B /* MiauFonts.swift */,
				8AB014DE2C21C4C6002DBA02 /* MiauCards.swift */,
				8AB014E02C21C9B2002DBA02 /* MiauButton.swift */,
			);
			path = Miau;
			sourceTree = "<group>";
		};
/* End PBXGroup section */

/* Begin PBXNativeTarget section */
		8A50A9DA2C19D15300DCA88C /* catto */ = {
			isa = PBXNativeTarget;
			buildConfigurationList = 8A50A9E92C19D15500DCA88C /* Build configuration list for PBXNativeTarget "catto" */;
			buildPhases = (
				8A50A9D72C19D15300DCA88C /* Sources */,
				8A50A9D82C19D15300DCA88C /* Frameworks */,
				8A50A9D92C19D15300DCA88C /* Resources */,
			);
			buildRules = (
			);
			dependencies = (
			);
			fileSystemSynchronizedGroups = (
				8AEE39582C9D427500C42BC0 /* Resource */,
			);
			name = catto;
			productName = catto;
			productReference = 8A50A9DB2C19D15300DCA88C /* catto.app */;
			productType = "com.apple.product-type.application";
		};
/* End PBXNativeTarget section */

/* Begin PBXProject section */
		8A50A9D32C19D15300DCA88C /* Project object */ = {
			isa = PBXProject;
			attributes = {
				BuildIndependentTargetsInParallel = 1;
				LastSwiftUpdateCheck = 1540;
				LastUpgradeCheck = 1540;
				TargetAttributes = {
					8A50A9DA2C19D15300DCA88C = {
						CreatedOnToolsVersion = 15.4;
					};
				};
			};
			buildConfigurationList = 8A50A9D62C19D15300DCA88C /* Build configuration list for PBXProject "catto" */;
			compatibilityVersion = "Xcode 14.0";
			developmentRegion = en;
			hasScannedForEncodings = 0;
			knownRegions = (
				en,
				Base,
			);
			mainGroup = 8A50A9D22C19D15300DCA88C;
			productRefGroup = 8A50A9DC2C19D15300DCA88C /* Products */;
			projectDirPath = "";
			projectRoot = "";
			targets = (
				8A50A9DA2C19D15300DCA88C /* catto */,
			);
		};
/* End PBXProject section */

/* Begin PBXResourcesBuildPhase section */
		8A50A9D92C19D15300DCA88C /* Resources */ = {
			isa = PBXResourcesBuildPhase;
			buildActionMask = 2147483647;
			files = (
				8AD96E232C2026D900EB2F5B /* InknutAntiqua-Bold.ttf in Resources */,
				8AD96E242C2026D900EB2F5B /* InknutAntiqua-Medium.ttf in Resources */,
				8AD96E262C20382E00EB2F5B /* Inter-Bold.ttf in Resources */,
				8AD96E1D2C20254300EB2F5B /* Inter-Regular.ttf in Resources */,
				8A50A9E62C19D15500DCA88C /* Preview Assets.xcassets in Resources */,
				8AD96E1B2C20254300EB2F5B /* Inter-Light.ttf in Resources */,
				8A50A9E32C19D15500DCA88C /* Assets.xcassets in Resources */,
			);
			runOnlyForDeploymentPostprocessing = 0;
		};
/* End PBXResourcesBuildPhase section */

/* Begin PBXSourcesBuildPhase section */
		8A50A9D72C19D15300DCA88C /* Sources */ = {
			isa = PBXSourcesBuildPhase;
			buildActionMask = 2147483647;
			files = (
				8A7FE1F62C245E31005C0B3A /* CatView.swift in Sources */,
				8A5582A02C3C35950012D58C /* cattoApp.swift in Sources */,
				8AD96E202C20264200EB2F5B /* MiauFonts.swift in Sources */,
				8A7FE1F82C246E07005C0B3A /* CaptionView.swift in Sources */,
				8A7FE1FA2C25B175005C0B3A /* CatViewModel.swift in Sources */,
				8A50A9E12C19D15300DCA88C /* ContentView.swift in Sources */,
				8ADEEB152C1B21B5006B1C04 /* MiauColors.swift in Sources */,
				8A5C9AF52CAAA2D50024AC6A /* CatCardView.swift in Sources */,
				8AB014DF2C21C4C6002DBA02 /* MiauCards.swift in Sources */,
				8AB1E23A2C381B0F00FE4D61 /* CatModel.swift in Sources */,
				8A4563A62CB08C68000E29F6 /* CaptionViewModel.swift in Sources */,
				8AB014E12C21C9B2002DBA02 /* MiauButton.swift in Sources */,
				8A64FF792C222AC1001BB68D /* MiauTextField.swift in Sources */,
				8AB1E23E2C38222400FE4D61 /* CatUserCase.swift in Sources */,
				8A5C9AF92CAAA32C0024AC6A /* CatCardViewModel.swift in Sources */,
			);
			runOnlyForDeploymentPostprocessing = 0;
		};
/* End PBXSourcesBuildPhase section */

/* Begin XCBuildConfiguration section */
		8A50A9E72C19D15500DCA88C /* Debug */ = {
			isa = XCBuildConfiguration;
			buildSettings = {
				ALWAYS_SEARCH_USER_PATHS = NO;
				ASSETCATALOG_COMPILER_GENERATE_SWIFT_ASSET_SYMBOL_EXTENSIONS = YES;
				CLANG_ANALYZER_NONNULL = YES;
				CLANG_ANALYZER_NUMBER_OBJECT_CONVERSION = YES_AGGRESSIVE;
				CLANG_CXX_LANGUAGE_STANDARD = "gnu++20";
				CLANG_ENABLE_MODULES = YES;
				CLANG_ENABLE_OBJC_ARC = YES;
				CLANG_ENABLE_OBJC_WEAK = YES;
				CLANG_WARN_BLOCK_CAPTURE_AUTORELEASING = YES;
				CLANG_WARN_BOOL_CONVERSION = YES;
				CLANG_WARN_COMMA = YES;
				CLANG_WARN_CONSTANT_CONVERSION = YES;
				CLANG_WARN_DEPRECATED_OBJC_IMPLEMENTATIONS = YES;
				CLANG_WARN_DIRECT_OBJC_ISA_USAGE = YES_ERROR;
				CLANG_WARN_DOCUMENTATION_COMMENTS = YES;
				CLANG_WARN_EMPTY_BODY = YES;
				CLANG_WARN_ENUM_CONVERSION = YES;
				CLANG_WARN_INFINITE_RECURSION = YES;
				CLANG_WARN_INT_CONVERSION = YES;
				CLANG_WARN_NON_LITERAL_NULL_CONVERSION = YES;
				CLANG_WARN_OBJC_IMPLICIT_RETAIN_SELF = YES;
				CLANG_WARN_OBJC_LITERAL_CONVERSION = YES;
				CLANG_WARN_OBJC_ROOT_CLASS = YES_ERROR;
				CLANG_WARN_QUOTED_INCLUDE_IN_FRAMEWORK_HEADER = YES;
				CLANG_WARN_RANGE_LOOP_ANALYSIS = YES;
				CLANG_WARN_STRICT_PROTOTYPES = YES;
				CLANG_WARN_SUSPICIOUS_MOVE = YES;
				CLANG_WARN_UNGUARDED_AVAILABILITY = YES_AGGRESSIVE;
				CLANG_WARN_UNREACHABLE_CODE = YES;
				CLANG_WARN__DUPLICATE_METHOD_MATCH = YES;
				COPY_PHASE_STRIP = NO;
				DEBUG_INFORMATION_FORMAT = dwarf;
				ENABLE_STRICT_OBJC_MSGSEND = YES;
				ENABLE_TESTABILITY = YES;
				ENABLE_USER_SCRIPT_SANDBOXING = YES;
				GCC_C_LANGUAGE_STANDARD = gnu17;
				GCC_DYNAMIC_NO_PIC = NO;
				GCC_NO_COMMON_BLOCKS = YES;
				GCC_OPTIMIZATION_LEVEL = 0;
				GCC_PREPROCESSOR_DEFINITIONS = (
					"DEBUG=1",
					"$(inherited)",
				);
				GCC_WARN_64_TO_32_BIT_CONVERSION = YES;
				GCC_WARN_ABOUT_RETURN_TYPE = YES_ERROR;
				GCC_WARN_UNDECLARED_SELECTOR = YES;
				GCC_WARN_UNINITIALIZED_AUTOS = YES_AGGRESSIVE;
				GCC_WARN_UNUSED_FUNCTION = YES;
				GCC_WARN_UNUSED_VARIABLE = YES;
				IPHONEOS_DEPLOYMENT_TARGET = 17.5;
				LOCALIZATION_PREFERS_STRING_CATALOGS = YES;
				MTL_ENABLE_DEBUG_INFO = INCLUDE_SOURCE;
				MTL_FAST_MATH = YES;
				ONLY_ACTIVE_ARCH = YES;
				SDKROOT = iphoneos;
				SWIFT_ACTIVE_COMPILATION_CONDITIONS = "DEBUG $(inherited)";
				SWIFT_OPTIMIZATION_LEVEL = "-Onone";
			};
			name = Debug;
		};
		8A50A9E82C19D15500DCA88C /* Release */ = {
			isa = XCBuildConfiguration;
			buildSettings = {
				ALWAYS_SEARCH_USER_PATHS = NO;
				ASSETCATALOG_COMPILER_GENERATE_SWIFT_ASSET_SYMBOL_EXTENSIONS = YES;
				CLANG_ANALYZER_NONNULL = YES;
				CLANG_ANALYZER_NUMBER_OBJECT_CONVERSION = YES_AGGRESSIVE;
				CLANG_CXX_LANGUAGE_STANDARD = "gnu++20";
				CLANG_ENABLE_MODULES = YES;
				CLANG_ENABLE_OBJC_ARC = YES;
				CLANG_ENABLE_OBJC_WEAK = YES;
				CLANG_WARN_BLOCK_CAPTURE_AUTORELEASING = YES;
				CLANG_WARN_BOOL_CONVERSION = YES;
				CLANG_WARN_COMMA = YES;
				CLANG_WARN_CONSTANT_CONVERSION = YES;
				CLANG_WARN_DEPRECATED_OBJC_IMPLEMENTATIONS = YES;
				CLANG_WARN_DIRECT_OBJC_ISA_USAGE = YES_ERROR;
				CLANG_WARN_DOCUMENTATION_COMMENTS = YES;
				CLANG_WARN_EMPTY_BODY = YES;
				CLANG_WARN_ENUM_CONVERSION = YES;
				CLANG_WARN_INFINITE_RECURSION = YES;
				CLANG_WARN_INT_CONVERSION = YES;
				CLANG_WARN_NON_LITERAL_NULL_CONVERSION = YES;
				CLANG_WARN_OBJC_IMPLICIT_RETAIN_SELF = YES;
				CLANG_WARN_OBJC_LITERAL_CONVERSION = YES;
				CLANG_WARN_OBJC_ROOT_CLASS = YES_ERROR;
				CLANG_WARN_QUOTED_INCLUDE_IN_FRAMEWORK_HEADER = YES;
				CLANG_WARN_RANGE_LOOP_ANALYSIS = YES;
				CLANG_WARN_STRICT_PROTOTYPES = YES;
				CLANG_WARN_SUSPICIOUS_MOVE = YES;
				CLANG_WARN_UNGUARDED_AVAILABILITY = YES_AGGRESSIVE;
				CLANG_WARN_UNREACHABLE_CODE = YES;
				CLANG_WARN__DUPLICATE_METHOD_MATCH = YES;
				COPY_PHASE_STRIP = NO;
				DEBUG_INFORMATION_FORMAT = "dwarf-with-dsym";
				ENABLE_NS_ASSERTIONS = NO;
				ENABLE_STRICT_OBJC_MSGSEND = YES;
				ENABLE_USER_SCRIPT_SANDBOXING = YES;
				GCC_C_LANGUAGE_STANDARD = gnu17;
				GCC_NO_COMMON_BLOCKS = YES;
				GCC_WARN_64_TO_32_BIT_CONVERSION = YES;
				GCC_WARN_ABOUT_RETURN_TYPE = YES_ERROR;
				GCC_WARN_UNDECLARED_SELECTOR = YES;
				GCC_WARN_UNINITIALIZED_AUTOS = YES_AGGRESSIVE;
				GCC_WARN_UNUSED_FUNCTION = YES;
				GCC_WARN_UNUSED_VARIABLE = YES;
				IPHONEOS_DEPLOYMENT_TARGET = 17.5;
				LOCALIZATION_PREFERS_STRING_CATALOGS = YES;
				MTL_ENABLE_DEBUG_INFO = NO;
				MTL_FAST_MATH = YES;
				SDKROOT = iphoneos;
				SWIFT_COMPILATION_MODE = wholemodule;
				VALIDATE_PRODUCT = YES;
			};
			name = Release;
		};
		8A50A9EA2C19D15500DCA88C /* Debug */ = {
			isa = XCBuildConfiguration;
			buildSettings = {
				ASSETCATALOG_COMPILER_APPICON_NAME = AppIcon;
				ASSETCATALOG_COMPILER_GLOBAL_ACCENT_COLOR_NAME = AccentColor;
				CODE_SIGN_STYLE = Automatic;
				CURRENT_PROJECT_VERSION = 1;
				DEVELOPMENT_ASSET_PATHS = "\"catto/Preview Content\"";
				DEVELOPMENT_TEAM = 7T93UNM5FF;
				ENABLE_PREVIEWS = YES;
				GENERATE_INFOPLIST_FILE = YES;
				INFOPLIST_FILE = catto/Info.plist;
				INFOPLIST_KEY_UIApplicationSceneManifest_Generation = YES;
				INFOPLIST_KEY_UIApplicationSupportsIndirectInputEvents = YES;
				INFOPLIST_KEY_UILaunchScreen_Generation = YES;
				INFOPLIST_KEY_UISupportedInterfaceOrientations_iPad = "UIInterfaceOrientationPortrait UIInterfaceOrientationPortraitUpsideDown UIInterfaceOrientationLandscapeLeft UIInterfaceOrientationLandscapeRight";
				INFOPLIST_KEY_UISupportedInterfaceOrientations_iPhone = "UIInterfaceOrientationPortrait UIInterfaceOrientationLandscapeLeft UIInterfaceOrientationLandscapeRight";
				LD_RUNPATH_SEARCH_PATHS = (
					"$(inherited)",
					"@executable_path/Frameworks",
				);
				MARKETING_VERSION = 1.0;
				PRODUCT_BUNDLE_IDENTIFIER = meunomeecris.catto;
				PRODUCT_NAME = "$(TARGET_NAME)";
				SWIFT_EMIT_LOC_STRINGS = YES;
				SWIFT_VERSION = 5.0;
				TARGETED_DEVICE_FAMILY = "1,2";
			};
			name = Debug;
		};
		8A50A9EB2C19D15500DCA88C /* Release */ = {
			isa = XCBuildConfiguration;
			buildSettings = {
				ASSETCATALOG_COMPILER_APPICON_NAME = AppIcon;
				ASSETCATALOG_COMPILER_GLOBAL_ACCENT_COLOR_NAME = AccentColor;
				CODE_SIGN_STYLE = Automatic;
				CURRENT_PROJECT_VERSION = 1;
				DEVELOPMENT_ASSET_PATHS = "\"catto/Preview Content\"";
				DEVELOPMENT_TEAM = 7T93UNM5FF;
				ENABLE_PREVIEWS = YES;
				GENERATE_INFOPLIST_FILE = YES;
				INFOPLIST_FILE = catto/Info.plist;
				INFOPLIST_KEY_UIApplicationSceneManifest_Generation = YES;
				INFOPLIST_KEY_UIApplicationSupportsIndirectInputEvents = YES;
				INFOPLIST_KEY_UILaunchScreen_Generation = YES;
				INFOPLIST_KEY_UISupportedInterfaceOrientations_iPad = "UIInterfaceOrientationPortrait UIInterfaceOrientationPortraitUpsideDown UIInterfaceOrientationLandscapeLeft UIInterfaceOrientationLandscapeRight";
				INFOPLIST_KEY_UISupportedInterfaceOrientations_iPhone = "UIInterfaceOrientationPortrait UIInterfaceOrientationLandscapeLeft UIInterfaceOrientationLandscapeRight";
				LD_RUNPATH_SEARCH_PATHS = (
					"$(inherited)",
					"@executable_path/Frameworks",
				);
				MARKETING_VERSION = 1.0;
				PRODUCT_BUNDLE_IDENTIFIER = meunomeecris.catto;
				PRODUCT_NAME = "$(TARGET_NAME)";
				SWIFT_EMIT_LOC_STRINGS = YES;
				SWIFT_VERSION = 5.0;
				TARGETED_DEVICE_FAMILY = "1,2";
			};
			name = Release;
		};
/* End XCBuildConfiguration section */

/* Begin XCConfigurationList section */
		8A50A9D62C19D15300DCA88C /* Build configuration list for PBXProject "catto" */ = {
			isa = XCConfigurationList;
			buildConfigurations = (
				8A50A9E72C19D15500DCA88C /* Debug */,
				8A50A9E82C19D15500DCA88C /* Release */,
			);
			defaultConfigurationIsVisible = 0;
			defaultConfigurationName = Release;
		};
		8A50A9E92C19D15500DCA88C /* Build configuration list for PBXNativeTarget "catto" */ = {
			isa = XCConfigurationList;
			buildConfigurations = (
				8A50A9EA2C19D15500DCA88C /* Debug */,
				8A50A9EB2C19D15500DCA88C /* Release */,
			);
			defaultConfigurationIsVisible = 0;
			defaultConfigurationName = Release;
		};
/* End XCConfigurationList section */
	};
	rootObject = 8A50A9D32C19D15300DCA88C /* Project object */;
}
