// !$*UTF8*$!
{
	archiveVersion = 1;
	classes = {
	};
	objectVersion = 70;
	objects = {

/* Begin PBXBuildFile section */
		8A1FFB7B2D57ADF000A05CB7 /* AvatarUser.swift in Sources */ = {isa = PBXBuildFile; fileRef = 8A1FFB7A2D57ADE500A05CB7 /* AvatarUser.swift */; };
		8A1FFB7D2D57AF5B00A05CB7 /* InputText.swift in Sources */ = {isa = PBXBuildFile; fileRef = 8A1FFB7C2D57AF4400A05CB7 /* InputText.swift */; };
		8A1FFB7F2D57AFF900A05CB7 /* FavoriteButton.swift in Sources */ = {isa = PBXBuildFile; fileRef = 8A1FFB7E2D57AFF500A05CB7 /* FavoriteButton.swift */; };
		8A2F4C692CCA3BA4005860C9 /* PostContestListView .swift in Sources */ = {isa = PBXBuildFile; fileRef = 8A2F4C682CCA3BA4005860C9 /* PostContestListView .swift */; };
		8A2F4C6B2CCA4309005860C9 /* cattoData.json in Resources */ = {isa = PBXBuildFile; fileRef = 8A2F4C6A2CCA4309005860C9 /* cattoData.json */; };
		8A2F4C6E2CCA4EB6005860C9 /* Catto.swift in Sources */ = {isa = PBXBuildFile; fileRef = 8A2F4C6D2CCA4EB6005860C9 /* Catto.swift */; };
		8A2F4C702CCA4F13005860C9 /* CattoPost.swift in Sources */ = {isa = PBXBuildFile; fileRef = 8A2F4C6F2CCA4F13005860C9 /* CattoPost.swift */; };
		8A2F4C722CCA4F6C005860C9 /* ModelData.swift in Sources */ = {isa = PBXBuildFile; fileRef = 8A2F4C712CCA4F6C005860C9 /* ModelData.swift */; };
		8A2F4C742CCA5538005860C9 /* CattoImage.swift in Sources */ = {isa = PBXBuildFile; fileRef = 8A2F4C732CCA5538005860C9 /* CattoImage.swift */; };
		8A2F4C762CCA5830005860C9 /* FavoriteList.swift in Sources */ = {isa = PBXBuildFile; fileRef = 8A2F4C752CCA5830005860C9 /* FavoriteList.swift */; };
		8A2F4C7B2CCA5E69005860C9 /* FavoriteItem.swift in Sources */ = {isa = PBXBuildFile; fileRef = 8A2F4C7A2CCA5E69005860C9 /* FavoriteItem.swift */; };
		8A48751B2CC8ED2A00ED2E64 /* SplashScreen.swift in Sources */ = {isa = PBXBuildFile; fileRef = 8A4875192CC8ED2A00ED2E64 /* SplashScreen.swift */; };
		8A50A9E12C19D15300DCA88C /* ContentView.swift in Sources */ = {isa = PBXBuildFile; fileRef = 8A50A9E02C19D15300DCA88C /* ContentView.swift */; };
		8A50A9E32C19D15500DCA88C /* Assets.xcassets in Resources */ = {isa = PBXBuildFile; fileRef = 8A50A9E22C19D15500DCA88C /* Assets.xcassets */; };
		8A50A9E62C19D15500DCA88C /* Preview Assets.xcassets in Resources */ = {isa = PBXBuildFile; fileRef = 8A50A9E52C19D15500DCA88C /* Preview Assets.xcassets */; };
		8A5582A02C3C35950012D58C /* CattoApp.swift in Sources */ = {isa = PBXBuildFile; fileRef = 8A55829F2C3C35950012D58C /* CattoApp.swift */; };
		8A64FF792C222AC1001BB68D /* MiauTextField.swift in Sources */ = {isa = PBXBuildFile; fileRef = 8A64FF782C222AC1001BB68D /* MiauTextField.swift */; };
		8A99898B2CCB894100BE4578 /* CattoContestList.swift in Sources */ = {isa = PBXBuildFile; fileRef = 8A99898A2CCB894100BE4578 /* CattoContestList.swift */; };
		8AB014DF2C21C4C6002DBA02 /* MiauCards.swift in Sources */ = {isa = PBXBuildFile; fileRef = 8AB014DE2C21C4C6002DBA02 /* MiauCards.swift */; };
		8AB014E12C21C9B2002DBA02 /* MiauButton.swift in Sources */ = {isa = PBXBuildFile; fileRef = 8AB014E02C21C9B2002DBA02 /* MiauButton.swift */; };
		8AB1E23A2C381B0F00FE4D61 /* CattoModel.swift in Sources */ = {isa = PBXBuildFile; fileRef = 8AB1E2392C381B0F00FE4D61 /* CattoModel.swift */; };
		8AC5E04F2CBFCA3E0060013D /* PostView.swift in Sources */ = {isa = PBXBuildFile; fileRef = 8AC5E04E2CBFCA3E0060013D /* PostView.swift */; };
		8AC5E0512CBFCA3E0060013D /* PostContestListViewModel.swift in Sources */ = {isa = PBXBuildFile; fileRef = 8AC5E04D2CBFCA3E0060013D /* PostContestListViewModel.swift */; };
		8AC5E0562CBFCC1B0060013D /* PostUseCase.swift in Sources */ = {isa = PBXBuildFile; fileRef = 8AC5E0552CBFCC1B0060013D /* PostUseCase.swift */; };
		8AC5E0582CBFD2610060013D /* PostViewModel.swift in Sources */ = {isa = PBXBuildFile; fileRef = 8AC5E0572CBFD2610060013D /* PostViewModel.swift */; };
		8AD96E1B2C20254300EB2F5B /* Inter-Light.ttf in Resources */ = {isa = PBXBuildFile; fileRef = 8AD96E182C20254300EB2F5B /* Inter-Light.ttf */; };
		8AD96E1D2C20254300EB2F5B /* Inter-Regular.ttf in Resources */ = {isa = PBXBuildFile; fileRef = 8AD96E1A2C20254300EB2F5B /* Inter-Regular.ttf */; };
		8AD96E202C20264200EB2F5B /* MiauFonts.swift in Sources */ = {isa = PBXBuildFile; fileRef = 8AD96E1F2C20264200EB2F5B /* MiauFonts.swift */; };
		8AD96E232C2026D900EB2F5B /* InknutAntiqua-Bold.ttf in Resources */ = {isa = PBXBuildFile; fileRef = 8AD96E212C2026D800EB2F5B /* InknutAntiqua-Bold.ttf */; };
		8AD96E242C2026D900EB2F5B /* InknutAntiqua-Medium.ttf in Resources */ = {isa = PBXBuildFile; fileRef = 8AD96E222C2026D900EB2F5B /* InknutAntiqua-Medium.ttf */; };
		8AD96E262C20382E00EB2F5B /* Inter-Bold.ttf in Resources */ = {isa = PBXBuildFile; fileRef = 8AD96E252C20382E00EB2F5B /* Inter-Bold.ttf */; };
		8ADEEB152C1B21B5006B1C04 /* MiauColors.swift in Sources */ = {isa = PBXBuildFile; fileRef = 8ADEEB142C1B21B5006B1C04 /* MiauColors.swift */; };
		8AEFAFA52CB72638009F202A /* PostContestListUseCase.swift in Sources */ = {isa = PBXBuildFile; fileRef = 8AEFAFA42CB72623009F202A /* PostContestListUseCase.swift */; };
		8AF07F972D5F3F7B009F8DB1 /* Profile.swift in Sources */ = {isa = PBXBuildFile; fileRef = 8AF07F962D5F3F78009F8DB1 /* Profile.swift */; };
		8AF07F992D5F43DC009F8DB1 /* ProfileSummary.swift in Sources */ = {isa = PBXBuildFile; fileRef = 8AF07F982D5F43D0009F8DB1 /* ProfileSummary.swift */; };
		8AF07F9B2D5F4884009F8DB1 /* ProfileHost.swift in Sources */ = {isa = PBXBuildFile; fileRef = 8AF07F9A2D5F4880009F8DB1 /* ProfileHost.swift */; };
		8AF07F9D2D5F5096009F8DB1 /* ProfileEditor.swift in Sources */ = {isa = PBXBuildFile; fileRef = 8AF07F9C2D5F5092009F8DB1 /* ProfileEditor.swift */; };
/* End PBXBuildFile section */

/* Begin PBXContainerItemProxy section */
		8A5BFEDB2D71A72800B691C7 /* PBXContainerItemProxy */ = {
			isa = PBXContainerItemProxy;
			containerPortal = 8A50A9D32C19D15300DCA88C /* Project object */;
			proxyType = 1;
			remoteGlobalIDString = 8A50A9DA2C19D15300DCA88C;
			remoteInfo = Catto;
		};
/* End PBXContainerItemProxy section */

/* Begin PBXFileReference section */
		8A1FFB7A2D57ADE500A05CB7 /* AvatarUser.swift */ = {isa = PBXFileReference; lastKnownFileType = sourcecode.swift; path = AvatarUser.swift; sourceTree = "<group>"; };
		8A1FFB7C2D57AF4400A05CB7 /* InputText.swift */ = {isa = PBXFileReference; lastKnownFileType = sourcecode.swift; path = InputText.swift; sourceTree = "<group>"; };
		8A1FFB7E2D57AFF500A05CB7 /* FavoriteButton.swift */ = {isa = PBXFileReference; lastKnownFileType = sourcecode.swift; path = FavoriteButton.swift; sourceTree = "<group>"; };
		8A2F4C682CCA3BA4005860C9 /* PostContestListView .swift */ = {isa = PBXFileReference; lastKnownFileType = sourcecode.swift; path = "PostContestListView .swift"; sourceTree = "<group>"; };
		8A2F4C6A2CCA4309005860C9 /* cattoData.json */ = {isa = PBXFileReference; lastKnownFileType = text.json; path = cattoData.json; sourceTree = "<group>"; };
		8A2F4C6D2CCA4EB6005860C9 /* Catto.swift */ = {isa = PBXFileReference; lastKnownFileType = sourcecode.swift; path = Catto.swift; sourceTree = "<group>"; };
		8A2F4C6F2CCA4F13005860C9 /* CattoPost.swift */ = {isa = PBXFileReference; lastKnownFileType = sourcecode.swift; path = CattoPost.swift; sourceTree = "<group>"; };
		8A2F4C712CCA4F6C005860C9 /* ModelData.swift */ = {isa = PBXFileReference; lastKnownFileType = sourcecode.swift; path = ModelData.swift; sourceTree = "<group>"; };
		8A2F4C732CCA5538005860C9 /* CattoImage.swift */ = {isa = PBXFileReference; lastKnownFileType = sourcecode.swift; path = CattoImage.swift; sourceTree = "<group>"; };
		8A2F4C752CCA5830005860C9 /* FavoriteList.swift */ = {isa = PBXFileReference; lastKnownFileType = sourcecode.swift; path = FavoriteList.swift; sourceTree = "<group>"; };
		8A2F4C7A2CCA5E69005860C9 /* FavoriteItem.swift */ = {isa = PBXFileReference; lastKnownFileType = sourcecode.swift; path = FavoriteItem.swift; sourceTree = "<group>"; };
		8A4875192CC8ED2A00ED2E64 /* SplashScreen.swift */ = {isa = PBXFileReference; lastKnownFileType = sourcecode.swift; path = SplashScreen.swift; sourceTree = "<group>"; };
		8A50A9DB2C19D15300DCA88C /* Catto.app */ = {isa = PBXFileReference; explicitFileType = wrapper.application; includeInIndex = 0; path = Catto.app; sourceTree = BUILT_PRODUCTS_DIR; };
		8A50A9E02C19D15300DCA88C /* ContentView.swift */ = {isa = PBXFileReference; lastKnownFileType = sourcecode.swift; path = ContentView.swift; sourceTree = "<group>"; };
		8A50A9E22C19D15500DCA88C /* Assets.xcassets */ = {isa = PBXFileReference; lastKnownFileType = folder.assetcatalog; path = Assets.xcassets; sourceTree = "<group>"; };
		8A50A9E52C19D15500DCA88C /* Preview Assets.xcassets */ = {isa = PBXFileReference; lastKnownFileType = folder.assetcatalog; path = "Preview Assets.xcassets"; sourceTree = "<group>"; };
		8A55829F2C3C35950012D58C /* CattoApp.swift */ = {isa = PBXFileReference; lastKnownFileType = sourcecode.swift; path = CattoApp.swift; sourceTree = "<group>"; };
		8A5BFED72D71A72800B691C7 /* CattoTests.xctest */ = {isa = PBXFileReference; explicitFileType = wrapper.cfbundle; includeInIndex = 0; path = CattoTests.xctest; sourceTree = BUILT_PRODUCTS_DIR; };
		8A64FF782C222AC1001BB68D /* MiauTextField.swift */ = {isa = PBXFileReference; lastKnownFileType = sourcecode.swift; path = MiauTextField.swift; sourceTree = "<group>"; };
		8A99898A2CCB894100BE4578 /* CattoContestList.swift */ = {isa = PBXFileReference; lastKnownFileType = sourcecode.swift; path = CattoContestList.swift; sourceTree = "<group>"; };
		8AB014DE2C21C4C6002DBA02 /* MiauCards.swift */ = {isa = PBXFileReference; lastKnownFileType = sourcecode.swift; path = MiauCards.swift; sourceTree = "<group>"; };
		8AB014E02C21C9B2002DBA02 /* MiauButton.swift */ = {isa = PBXFileReference; lastKnownFileType = sourcecode.swift; path = MiauButton.swift; sourceTree = "<group>"; };
		8AB1E2392C381B0F00FE4D61 /* CattoModel.swift */ = {isa = PBXFileReference; lastKnownFileType = sourcecode.swift; path = CattoModel.swift; sourceTree = "<group>"; };
		8AC5E04D2CBFCA3E0060013D /* PostContestListViewModel.swift */ = {isa = PBXFileReference; lastKnownFileType = sourcecode.swift; path = PostContestListViewModel.swift; sourceTree = "<group>"; };
		8AC5E04E2CBFCA3E0060013D /* PostView.swift */ = {isa = PBXFileReference; lastKnownFileType = sourcecode.swift; path = PostView.swift; sourceTree = "<group>"; };
		8AC5E0552CBFCC1B0060013D /* PostUseCase.swift */ = {isa = PBXFileReference; lastKnownFileType = sourcecode.swift; path = PostUseCase.swift; sourceTree = "<group>"; };
		8AC5E0572CBFD2610060013D /* PostViewModel.swift */ = {isa = PBXFileReference; lastKnownFileType = sourcecode.swift; path = PostViewModel.swift; sourceTree = "<group>"; };
		8AD96E182C20254300EB2F5B /* Inter-Light.ttf */ = {isa = PBXFileReference; lastKnownFileType = file; path = "Inter-Light.ttf"; sourceTree = "<group>"; };
		8AD96E1A2C20254300EB2F5B /* Inter-Regular.ttf */ = {isa = PBXFileReference; lastKnownFileType = file; path = "Inter-Regular.ttf"; sourceTree = "<group>"; };
		8AD96E1E2C2025E600EB2F5B /* Info.plist */ = {isa = PBXFileReference; lastKnownFileType = text.plist.xml; path = Info.plist; sourceTree = "<group>"; };
		8AD96E1F2C20264200EB2F5B /* MiauFonts.swift */ = {isa = PBXFileReference; lastKnownFileType = sourcecode.swift; path = MiauFonts.swift; sourceTree = "<group>"; };
		8AD96E212C2026D800EB2F5B /* InknutAntiqua-Bold.ttf */ = {isa = PBXFileReference; lastKnownFileType = file; path = "InknutAntiqua-Bold.ttf"; sourceTree = "<group>"; };
		8AD96E222C2026D900EB2F5B /* InknutAntiqua-Medium.ttf */ = {isa = PBXFileReference; lastKnownFileType = file; path = "InknutAntiqua-Medium.ttf"; sourceTree = "<group>"; };
		8AD96E252C20382E00EB2F5B /* Inter-Bold.ttf */ = {isa = PBXFileReference; lastKnownFileType = file; path = "Inter-Bold.ttf"; sourceTree = "<group>"; };
		8ADEEB142C1B21B5006B1C04 /* MiauColors.swift */ = {isa = PBXFileReference; lastKnownFileType = sourcecode.swift; path = MiauColors.swift; sourceTree = "<group>"; };
		8AEFAFA42CB72623009F202A /* PostContestListUseCase.swift */ = {isa = PBXFileReference; lastKnownFileType = sourcecode.swift; path = PostContestListUseCase.swift; sourceTree = "<group>"; };
		8AF07F962D5F3F78009F8DB1 /* Profile.swift */ = {isa = PBXFileReference; lastKnownFileType = sourcecode.swift; path = Profile.swift; sourceTree = "<group>"; };
		8AF07F982D5F43D0009F8DB1 /* ProfileSummary.swift */ = {isa = PBXFileReference; lastKnownFileType = sourcecode.swift; path = ProfileSummary.swift; sourceTree = "<group>"; };
		8AF07F9A2D5F4880009F8DB1 /* ProfileHost.swift */ = {isa = PBXFileReference; lastKnownFileType = sourcecode.swift; path = ProfileHost.swift; sourceTree = "<group>"; };
		8AF07F9C2D5F5092009F8DB1 /* ProfileEditor.swift */ = {isa = PBXFileReference; lastKnownFileType = sourcecode.swift; path = ProfileEditor.swift; sourceTree = "<group>"; };
/* End PBXFileReference section */

/* Begin PBXFileSystemSynchronizedRootGroup section */
		8A5BFED82D71A72800B691C7 /* CattoTests */ = {isa = PBXFileSystemSynchronizedRootGroup; explicitFileTypes = {}; explicitFolders = (); path = CattoTests; sourceTree = "<group>"; };
		8AEE39582C9D427500C42BC0 /* Resource */ = {isa = PBXFileSystemSynchronizedRootGroup; explicitFileTypes = {}; explicitFolders = (); path = Resource; sourceTree = "<group>"; };
/* End PBXFileSystemSynchronizedRootGroup section */

/* Begin PBXFrameworksBuildPhase section */
		8A50A9D82C19D15300DCA88C /* Frameworks */ = {
			isa = PBXFrameworksBuildPhase;
			buildActionMask = 2147483647;
			files = (
			);
			runOnlyForDeploymentPostprocessing = 0;
		};
		8A5BFED42D71A72800B691C7 /* Frameworks */ = {
			isa = PBXFrameworksBuildPhase;
			buildActionMask = 2147483647;
			files = (
			);
			runOnlyForDeploymentPostprocessing = 0;
		};
/* End PBXFrameworksBuildPhase section */

/* Begin PBXGroup section */
		8A0D8AF22C3ABA8400C069C0 /* Tests */ = {
			isa = PBXGroup;
			children = (
			);
			path = Tests;
			sourceTree = "<group>";
		};
		8A1FFB772D57AC3800A05CB7 /* Helper */ = {
			isa = PBXGroup;
			children = (
				8A1FFB7C2D57AF4400A05CB7 /* InputText.swift */,
				8A1FFB7A2D57ADE500A05CB7 /* AvatarUser.swift */,
				8A2F4C732CCA5538005860C9 /* CattoImage.swift */,
				8A1FFB7E2D57AFF500A05CB7 /* FavoriteButton.swift */,
			);
			path = Helper;
			sourceTree = "<group>";
		};
		8A1FFB782D57AC7F00A05CB7 /* Post */ = {
			isa = PBXGroup;
			children = (
				8A99898A2CCB894100BE4578 /* CattoContestList.swift */,
				8A2F4C6F2CCA4F13005860C9 /* CattoPost.swift */,
			);
			path = Post;
			sourceTree = "<group>";
		};
		8A1FFB792D57AD1E00A05CB7 /* Favorite */ = {
			isa = PBXGroup;
			children = (
				8A2F4C752CCA5830005860C9 /* FavoriteList.swift */,
				8A2F4C7A2CCA5E69005860C9 /* FavoriteItem.swift */,
			);
			path = Favorite;
			sourceTree = "<group>";
		};
		8A2F4C6C2CCA4E7D005860C9 /* CattoApp */ = {
			isa = PBXGroup;
			children = (
				8A2F4C772CCA5A74005860C9 /* View */,
				8A2F4C782CCA5A86005860C9 /* Model */,
				8A2F4C792CCA5A91005860C9 /* Ressource */,
			);
			path = CattoApp;
			sourceTree = "<group>";
		};
		8A2F4C772CCA5A74005860C9 /* View */ = {
			isa = PBXGroup;
			children = (
				8AF07F952D5F3F12009F8DB1 /* Profile */,
				8A1FFB782D57AC7F00A05CB7 /* Post */,
				8A1FFB792D57AD1E00A05CB7 /* Favorite */,
				8A1FFB772D57AC3800A05CB7 /* Helper */,
			);
			path = View;
			sourceTree = "<group>";
		};
		8A2F4C782CCA5A86005860C9 /* Model */ = {
			isa = PBXGroup;
			children = (
				8AF07F962D5F3F78009F8DB1 /* Profile.swift */,
				8A2F4C6D2CCA4EB6005860C9 /* Catto.swift */,
				8A2F4C712CCA4F6C005860C9 /* ModelData.swift */,
			);
			path = Model;
			sourceTree = "<group>";
		};
		8A2F4C792CCA5A91005860C9 /* Ressource */ = {
			isa = PBXGroup;
			children = (
				8A2F4C6A2CCA4309005860C9 /* cattoData.json */,
			);
			path = Ressource;
			sourceTree = "<group>";
		};
		8A50A9D22C19D15300DCA88C = {
			isa = PBXGroup;
			children = (
				8A50A9DD2C19D15300DCA88C /* Catto */,
				8A5BFED82D71A72800B691C7 /* CattoTests */,
				8A50A9DC2C19D15300DCA88C /* Products */,
			);
			sourceTree = "<group>";
		};
		8A50A9DC2C19D15300DCA88C /* Products */ = {
			isa = PBXGroup;
			children = (
				8A50A9DB2C19D15300DCA88C /* Catto.app */,
				8A5BFED72D71A72800B691C7 /* CattoTests.xctest */,
			);
			name = Products;
			sourceTree = "<group>";
		};
		8A50A9DD2C19D15300DCA88C /* Catto */ = {
			isa = PBXGroup;
			children = (
				8A55829F2C3C35950012D58C /* CattoApp.swift */,
				8A50A9E02C19D15300DCA88C /* ContentView.swift */,
				8A2F4C6C2CCA4E7D005860C9 /* CattoApp */,
				8A7FE1F32C245E1B005C0B3A /* MVVM */,
				8ADEEB102C1B16E9006B1C04 /* Miau */,
				8AD96E1E2C2025E600EB2F5B /* Info.plist */,
				8A50A9E22C19D15500DCA88C /* Assets.xcassets */,
				8A50A9E42C19D15500DCA88C /* Preview Content */,
			);
			path = Catto;
			sourceTree = "<group>";
		};
		8A50A9E42C19D15500DCA88C /* Preview Content */ = {
			isa = PBXGroup;
			children = (
				8A50A9E52C19D15500DCA88C /* Preview Assets.xcassets */,
			);
			path = "Preview Content";
			sourceTree = "<group>";
		};
		8A7FE1F32C245E1B005C0B3A /* MVVM */ = {
			isa = PBXGroup;
			children = (
				8A4875192CC8ED2A00ED2E64 /* SplashScreen.swift */,
				8AC5E0532CBFCB280060013D /* PostContestList */,
				8AC5E0542CBFCBF70060013D /* Post */,
				8AB1E2382C381A9200FE4D61 /* Model */,
				8AEE39582C9D427500C42BC0 /* Resource */,
				8A0D8AF22C3ABA8400C069C0 /* Tests */,
			);
			path = MVVM;
			sourceTree = "<group>";
		};
		8AB1E2382C381A9200FE4D61 /* Model */ = {
			isa = PBXGroup;
			children = (
				8AB1E2392C381B0F00FE4D61 /* CattoModel.swift */,
				8AEFAFA42CB72623009F202A /* PostContestListUseCase.swift */,
				8AC5E0552CBFCC1B0060013D /* PostUseCase.swift */,
			);
			path = Model;
			sourceTree = "<group>";
		};
		8AC5E0532CBFCB280060013D /* PostContestList */ = {
			isa = PBXGroup;
			children = (
				8A2F4C682CCA3BA4005860C9 /* PostContestListView .swift */,
				8AC5E04D2CBFCA3E0060013D /* PostContestListViewModel.swift */,
			);
			path = PostContestList;
			sourceTree = "<group>";
		};
		8AC5E0542CBFCBF70060013D /* Post */ = {
			isa = PBXGroup;
			children = (
				8AC5E04E2CBFCA3E0060013D /* PostView.swift */,
				8AC5E0572CBFD2610060013D /* PostViewModel.swift */,
			);
			path = Post;
			sourceTree = "<group>";
		};
		8AD96E172C20252F00EB2F5B /* Fonts */ = {
			isa = PBXGroup;
			children = (
				8AD96E212C2026D800EB2F5B /* InknutAntiqua-Bold.ttf */,
				8AD96E222C2026D900EB2F5B /* InknutAntiqua-Medium.ttf */,
				8AD96E182C20254300EB2F5B /* Inter-Light.ttf */,
				8AD96E252C20382E00EB2F5B /* Inter-Bold.ttf */,
				8AD96E1A2C20254300EB2F5B /* Inter-Regular.ttf */,
			);
			path = Fonts;
			sourceTree = "<group>";
		};
		8ADEEB102C1B16E9006B1C04 /* Miau */ = {
			isa = PBXGroup;
			children = (
				8AD96E172C20252F00EB2F5B /* Fonts */,
				8ADEEB142C1B21B5006B1C04 /* MiauColors.swift */,
				8A64FF782C222AC1001BB68D /* MiauTextField.swift */,
				8AD96E1F2C20264200EB2F5B /* MiauFonts.swift */,
				8AB014DE2C21C4C6002DBA02 /* MiauCards.swift */,
				8AB014E02C21C9B2002DBA02 /* MiauButton.swift */,
			);
			path = Miau;
			sourceTree = "<group>";
		};
		8AF07F952D5F3F12009F8DB1 /* Profile */ = {
			isa = PBXGroup;
			children = (
				8AF07F9C2D5F5092009F8DB1 /* ProfileEditor.swift */,
				8AF07F9A2D5F4880009F8DB1 /* ProfileHost.swift */,
				8AF07F982D5F43D0009F8DB1 /* ProfileSummary.swift */,
			);
			path = Profile;
			sourceTree = "<group>";
		};
/* End PBXGroup section */

/* Begin PBXNativeTarget section */
		8A50A9DA2C19D15300DCA88C /* Catto */ = {
			isa = PBXNativeTarget;
			buildConfigurationList = 8A50A9E92C19D15500DCA88C /* Build configuration list for PBXNativeTarget "Catto" */;
			buildPhases = (
				8A50A9D72C19D15300DCA88C /* Sources */,
				8A50A9D82C19D15300DCA88C /* Frameworks */,
				8A50A9D92C19D15300DCA88C /* Resources */,
			);
			buildRules = (
			);
			dependencies = (
			);
			fileSystemSynchronizedGroups = (
				8AEE39582C9D427500C42BC0 /* Resource */,
			);
			name = Catto;
			productName = catto;
			productReference = 8A50A9DB2C19D15300DCA88C /* Catto.app */;
			productType = "com.apple.product-type.application";
		};
		8A5BFED62D71A72800B691C7 /* CattoTests */ = {
			isa = PBXNativeTarget;
			buildConfigurationList = 8A5BFEDD2D71A72800B691C7 /* Build configuration list for PBXNativeTarget "CattoTests" */;
			buildPhases = (
				8A5BFED32D71A72800B691C7 /* Sources */,
				8A5BFED42D71A72800B691C7 /* Frameworks */,
				8A5BFED52D71A72800B691C7 /* Resources */,
			);
			buildRules = (
			);
			dependencies = (
				8A5BFEDC2D71A72800B691C7 /* PBXTargetDependency */,
			);
			fileSystemSynchronizedGroups = (
				8A5BFED82D71A72800B691C7 /* CattoTests */,
			);
			name = CattoTests;
			packageProductDependencies = (
			);
			productName = CattoTests;
			productReference = 8A5BFED72D71A72800B691C7 /* CattoTests.xctest */;
			productType = "com.apple.product-type.bundle.unit-test";
		};
/* End PBXNativeTarget section */

/* Begin PBXProject section */
		8A50A9D32C19D15300DCA88C /* Project object */ = {
			isa = PBXProject;
			attributes = {
				BuildIndependentTargetsInParallel = 1;
				LastSwiftUpdateCheck = 1620;
				LastUpgradeCheck = 1540;
				TargetAttributes = {
					8A50A9DA2C19D15300DCA88C = {
						CreatedOnToolsVersion = 15.4;
					};
					8A5BFED62D71A72800B691C7 = {
						CreatedOnToolsVersion = 16.2;
						TestTargetID = 8A50A9DA2C19D15300DCA88C;
					};
				};
			};
			buildConfigurationList = 8A50A9D62C19D15300DCA88C /* Build configuration list for PBXProject "Catto" */;
			compatibilityVersion = "Xcode 14.0";
			developmentRegion = en;
			hasScannedForEncodings = 0;
			knownRegions = (
				en,
				Base,
			);
			mainGroup = 8A50A9D22C19D15300DCA88C;
			productRefGroup = 8A50A9DC2C19D15300DCA88C /* Products */;
			projectDirPath = "";
			projectRoot = "";
			targets = (
				8A50A9DA2C19D15300DCA88C /* Catto */,
				8A5BFED62D71A72800B691C7 /* CattoTests */,
			);
		};
/* End PBXProject section */

/* Begin PBXResourcesBuildPhase section */
		8A50A9D92C19D15300DCA88C /* Resources */ = {
			isa = PBXResourcesBuildPhase;
			buildActionMask = 2147483647;
			files = (
				8AD96E232C2026D900EB2F5B /* InknutAntiqua-Bold.ttf in Resources */,
				8AD96E242C2026D900EB2F5B /* InknutAntiqua-Medium.ttf in Resources */,
				8AD96E262C20382E00EB2F5B /* Inter-Bold.ttf in Resources */,
				8AD96E1D2C20254300EB2F5B /* Inter-Regular.ttf in Resources */,
				8A50A9E62C19D15500DCA88C /* Preview Assets.xcassets in Resources */,
				8AD96E1B2C20254300EB2F5B /* Inter-Light.ttf in Resources */,
				8A50A9E32C19D15500DCA88C /* Assets.xcassets in Resources */,
				8A2F4C6B2CCA4309005860C9 /* cattoData.json in Resources */,
			);
			runOnlyForDeploymentPostprocessing = 0;
		};
		8A5BFED52D71A72800B691C7 /* Resources */ = {
			isa = PBXResourcesBuildPhase;
			buildActionMask = 2147483647;
			files = (
			);
			runOnlyForDeploymentPostprocessing = 0;
		};
/* End PBXResourcesBuildPhase section */

/* Begin PBXSourcesBuildPhase section */
		8A50A9D72C19D15300DCA88C /* Sources */ = {
			isa = PBXSourcesBuildPhase;
			buildActionMask = 2147483647;
			files = (
				8A2F4C702CCA4F13005860C9 /* CattoPost.swift in Sources */,
				8A2F4C6E2CCA4EB6005860C9 /* Catto.swift in Sources */,
				8AF07F9D2D5F5096009F8DB1 /* ProfileEditor.swift in Sources */,
				8AF07F9B2D5F4884009F8DB1 /* ProfileHost.swift in Sources */,
				8AF07F972D5F3F7B009F8DB1 /* Profile.swift in Sources */,
				8A2F4C722CCA4F6C005860C9 /* ModelData.swift in Sources */,
				8AF07F992D5F43DC009F8DB1 /* ProfileSummary.swift in Sources */,
				8AC5E0582CBFD2610060013D /* PostViewModel.swift in Sources */,
				8A5582A02C3C35950012D58C /* CattoApp.swift in Sources */,
				8A2F4C742CCA5538005860C9 /* CattoImage.swift in Sources */,
				8A1FFB7B2D57ADF000A05CB7 /* AvatarUser.swift in Sources */,
				8AD96E202C20264200EB2F5B /* MiauFonts.swift in Sources */,
				8A50A9E12C19D15300DCA88C /* ContentView.swift in Sources */,
				8A99898B2CCB894100BE4578 /* CattoContestList.swift in Sources */,
				8AC5E0562CBFCC1B0060013D /* PostUseCase.swift in Sources */,
				8A2F4C692CCA3BA4005860C9 /* PostContestListView .swift in Sources */,
				8A1FFB7D2D57AF5B00A05CB7 /* InputText.swift in Sources */,
				8A2F4C7B2CCA5E69005860C9 /* FavoriteItem.swift in Sources */,
				8ADEEB152C1B21B5006B1C04 /* MiauColors.swift in Sources */,
				8A2F4C762CCA5830005860C9 /* FavoriteList.swift in Sources */,
				8AB014DF2C21C4C6002DBA02 /* MiauCards.swift in Sources */,
				8AB1E23A2C381B0F00FE4D61 /* CattoModel.swift in Sources */,
				8AC5E04F2CBFCA3E0060013D /* PostView.swift in Sources */,
				8AC5E0512CBFCA3E0060013D /* PostContestListViewModel.swift in Sources */,
				8AB014E12C21C9B2002DBA02 /* MiauButton.swift in Sources */,
				8AEFAFA52CB72638009F202A /* PostContestListUseCase.swift in Sources */,
				8A48751B2CC8ED2A00ED2E64 /* SplashScreen.swift in Sources */,
				8A64FF792C222AC1001BB68D /* MiauTextField.swift in Sources */,
				8A1FFB7F2D57AFF900A05CB7 /* FavoriteButton.swift in Sources */,
			);
			runOnlyForDeploymentPostprocessing = 0;
		};
		8A5BFED32D71A72800B691C7 /* Sources */ = {
			isa = PBXSourcesBuildPhase;
			buildActionMask = 2147483647;
			files = (
			);
			runOnlyForDeploymentPostprocessing = 0;
		};
/* End PBXSourcesBuildPhase section */

/* Begin PBXTargetDependency section */
		8A5BFEDC2D71A72800B691C7 /* PBXTargetDependency */ = {
			isa = PBXTargetDependency;
			target = 8A50A9DA2C19D15300DCA88C /* Catto */;
			targetProxy = 8A5BFEDB2D71A72800B691C7 /* PBXContainerItemProxy */;
		};
/* End PBXTargetDependency section */

/* Begin XCBuildConfiguration section */
		8A50A9E72C19D15500DCA88C /* Debug */ = {
			isa = XCBuildConfiguration;
			buildSettings = {
				ALWAYS_SEARCH_USER_PATHS = NO;
				ASSETCATALOG_COMPILER_GENERATE_SWIFT_ASSET_SYMBOL_EXTENSIONS = YES;
				CLANG_ANALYZER_NONNULL = YES;
				CLANG_ANALYZER_NUMBER_OBJECT_CONVERSION = YES_AGGRESSIVE;
				CLANG_CXX_LANGUAGE_STANDARD = "gnu++20";
				CLANG_ENABLE_MODULES = YES;
				CLANG_ENABLE_OBJC_ARC = YES;
				CLANG_ENABLE_OBJC_WEAK = YES;
				CLANG_WARN_BLOCK_CAPTURE_AUTORELEASING = YES;
				CLANG_WARN_BOOL_CONVERSION = YES;
				CLANG_WARN_COMMA = YES;
				CLANG_WARN_CONSTANT_CONVERSION = YES;
				CLANG_WARN_DEPRECATED_OBJC_IMPLEMENTATIONS = YES;
				CLANG_WARN_DIRECT_OBJC_ISA_USAGE = YES_ERROR;
				CLANG_WARN_DOCUMENTATION_COMMENTS = YES;
				CLANG_WARN_EMPTY_BODY = YES;
				CLANG_WARN_ENUM_CONVERSION = YES;
				CLANG_WARN_INFINITE_RECURSION = YES;
				CLANG_WARN_INT_CONVERSION = YES;
				CLANG_WARN_NON_LITERAL_NULL_CONVERSION = YES;
				CLANG_WARN_OBJC_IMPLICIT_RETAIN_SELF = YES;
				CLANG_WARN_OBJC_LITERAL_CONVERSION = YES;
				CLANG_WARN_OBJC_ROOT_CLASS = YES_ERROR;
				CLANG_WARN_QUOTED_INCLUDE_IN_FRAMEWORK_HEADER = YES;
				CLANG_WARN_RANGE_LOOP_ANALYSIS = YES;
				CLANG_WARN_STRICT_PROTOTYPES = YES;
				CLANG_WARN_SUSPICIOUS_MOVE = YES;
				CLANG_WARN_UNGUARDED_AVAILABILITY = YES_AGGRESSIVE;
				CLANG_WARN_UNREACHABLE_CODE = YES;
				CLANG_WARN__DUPLICATE_METHOD_MATCH = YES;
				COPY_PHASE_STRIP = NO;
				DEBUG_INFORMATION_FORMAT = dwarf;
				ENABLE_STRICT_OBJC_MSGSEND = YES;
				ENABLE_TESTABILITY = YES;
				ENABLE_USER_SCRIPT_SANDBOXING = YES;
				GCC_C_LANGUAGE_STANDARD = gnu17;
				GCC_DYNAMIC_NO_PIC = NO;
				GCC_NO_COMMON_BLOCKS = YES;
				GCC_OPTIMIZATION_LEVEL = 0;
				GCC_PREPROCESSOR_DEFINITIONS = (
					"DEBUG=1",
					"$(inherited)",
				);
				GCC_WARN_64_TO_32_BIT_CONVERSION = YES;
				GCC_WARN_ABOUT_RETURN_TYPE = YES_ERROR;
				GCC_WARN_UNDECLARED_SELECTOR = YES;
				GCC_WARN_UNINITIALIZED_AUTOS = YES_AGGRESSIVE;
				GCC_WARN_UNUSED_FUNCTION = YES;
				GCC_WARN_UNUSED_VARIABLE = YES;
				IPHONEOS_DEPLOYMENT_TARGET = 17.5;
				LOCALIZATION_PREFERS_STRING_CATALOGS = YES;
				MTL_ENABLE_DEBUG_INFO = INCLUDE_SOURCE;
				MTL_FAST_MATH = YES;
				ONLY_ACTIVE_ARCH = YES;
				SDKROOT = iphoneos;
				SWIFT_ACTIVE_COMPILATION_CONDITIONS = "DEBUG $(inherited)";
				SWIFT_OPTIMIZATION_LEVEL = "-Onone";
			};
			name = Debug;
		};
		8A50A9E82C19D15500DCA88C /* Release */ = {
			isa = XCBuildConfiguration;
			buildSettings = {
				ALWAYS_SEARCH_USER_PATHS = NO;
				ASSETCATALOG_COMPILER_GENERATE_SWIFT_ASSET_SYMBOL_EXTENSIONS = YES;
				CLANG_ANALYZER_NONNULL = YES;
				CLANG_ANALYZER_NUMBER_OBJECT_CONVERSION = YES_AGGRESSIVE;
				CLANG_CXX_LANGUAGE_STANDARD = "gnu++20";
				CLANG_ENABLE_MODULES = YES;
				CLANG_ENABLE_OBJC_ARC = YES;
				CLANG_ENABLE_OBJC_WEAK = YES;
				CLANG_WARN_BLOCK_CAPTURE_AUTORELEASING = YES;
				CLANG_WARN_BOOL_CONVERSION = YES;
				CLANG_WARN_COMMA = YES;
				CLANG_WARN_CONSTANT_CONVERSION = YES;
				CLANG_WARN_DEPRECATED_OBJC_IMPLEMENTATIONS = YES;
				CLANG_WARN_DIRECT_OBJC_ISA_USAGE = YES_ERROR;
				CLANG_WARN_DOCUMENTATION_COMMENTS = YES;
				CLANG_WARN_EMPTY_BODY = YES;
				CLANG_WARN_ENUM_CONVERSION = YES;
				CLANG_WARN_INFINITE_RECURSION = YES;
				CLANG_WARN_INT_CONVERSION = YES;
				CLANG_WARN_NON_LITERAL_NULL_CONVERSION = YES;
				CLANG_WARN_OBJC_IMPLICIT_RETAIN_SELF = YES;
				CLANG_WARN_OBJC_LITERAL_CONVERSION = YES;
				CLANG_WARN_OBJC_ROOT_CLASS = YES_ERROR;
				CLANG_WARN_QUOTED_INCLUDE_IN_FRAMEWORK_HEADER = YES;
				CLANG_WARN_RANGE_LOOP_ANALYSIS = YES;
				CLANG_WARN_STRICT_PROTOTYPES = YES;
				CLANG_WARN_SUSPICIOUS_MOVE = YES;
				CLANG_WARN_UNGUARDED_AVAILABILITY = YES_AGGRESSIVE;
				CLANG_WARN_UNREACHABLE_CODE = YES;
				CLANG_WARN__DUPLICATE_METHOD_MATCH = YES;
				COPY_PHASE_STRIP = NO;
				DEBUG_INFORMATION_FORMAT = "dwarf-with-dsym";
				ENABLE_NS_ASSERTIONS = NO;
				ENABLE_STRICT_OBJC_MSGSEND = YES;
				ENABLE_USER_SCRIPT_SANDBOXING = YES;
				GCC_C_LANGUAGE_STANDARD = gnu17;
				GCC_NO_COMMON_BLOCKS = YES;
				GCC_WARN_64_TO_32_BIT_CONVERSION = YES;
				GCC_WARN_ABOUT_RETURN_TYPE = YES_ERROR;
				GCC_WARN_UNDECLARED_SELECTOR = YES;
				GCC_WARN_UNINITIALIZED_AUTOS = YES_AGGRESSIVE;
				GCC_WARN_UNUSED_FUNCTION = YES;
				GCC_WARN_UNUSED_VARIABLE = YES;
				IPHONEOS_DEPLOYMENT_TARGET = 17.5;
				LOCALIZATION_PREFERS_STRING_CATALOGS = YES;
				MTL_ENABLE_DEBUG_INFO = NO;
				MTL_FAST_MATH = YES;
				SDKROOT = iphoneos;
				SWIFT_COMPILATION_MODE = wholemodule;
				VALIDATE_PRODUCT = YES;
			};
			name = Release;
		};
		8A50A9EA2C19D15500DCA88C /* Debug */ = {
			isa = XCBuildConfiguration;
			buildSettings = {
				ASSETCATALOG_COMPILER_APPICON_NAME = AppIcon;
				ASSETCATALOG_COMPILER_GLOBAL_ACCENT_COLOR_NAME = AccentColor;
				CODE_SIGN_STYLE = Automatic;
				CURRENT_PROJECT_VERSION = 1;
				DEVELOPMENT_ASSET_PATHS = "\"catto/Preview Content\"";
				DEVELOPMENT_TEAM = 7T93UNM5FF;
				ENABLE_PREVIEWS = YES;
				GENERATE_INFOPLIST_FILE = YES;
				INFOPLIST_FILE = catto/Info.plist;
				INFOPLIST_KEY_UIApplicationSceneManifest_Generation = YES;
				INFOPLIST_KEY_UIApplicationSupportsIndirectInputEvents = YES;
				INFOPLIST_KEY_UILaunchScreen_Generation = YES;
				INFOPLIST_KEY_UISupportedInterfaceOrientations_iPad = "UIInterfaceOrientationPortrait UIInterfaceOrientationPortraitUpsideDown UIInterfaceOrientationLandscapeLeft UIInterfaceOrientationLandscapeRight";
				INFOPLIST_KEY_UISupportedInterfaceOrientations_iPhone = "UIInterfaceOrientationPortrait UIInterfaceOrientationLandscapeLeft UIInterfaceOrientationLandscapeRight";
				LD_RUNPATH_SEARCH_PATHS = (
					"$(inherited)",
					"@executable_path/Frameworks",
				);
				MARKETING_VERSION = 1.0;
				PRODUCT_BUNDLE_IDENTIFIER = meunomeecriss.catto;
				PRODUCT_NAME = "$(TARGET_NAME)";
				SWIFT_EMIT_LOC_STRINGS = YES;
				SWIFT_VERSION = 5.0;
				TARGETED_DEVICE_FAMILY = "1,2";
			};
			name = Debug;
		};
		8A50A9EB2C19D15500DCA88C /* Release */ = {
			isa = XCBuildConfiguration;
			buildSettings = {
				ASSETCATALOG_COMPILER_APPICON_NAME = AppIcon;
				ASSETCATALOG_COMPILER_GLOBAL_ACCENT_COLOR_NAME = AccentColor;
				CODE_SIGN_STYLE = Automatic;
				CURRENT_PROJECT_VERSION = 1;
				DEVELOPMENT_ASSET_PATHS = "\"catto/Preview Content\"";
				DEVELOPMENT_TEAM = 7T93UNM5FF;
				ENABLE_PREVIEWS = YES;
				GENERATE_INFOPLIST_FILE = YES;
				INFOPLIST_FILE = catto/Info.plist;
				INFOPLIST_KEY_UIApplicationSceneManifest_Generation = YES;
				INFOPLIST_KEY_UIApplicationSupportsIndirectInputEvents = YES;
				INFOPLIST_KEY_UILaunchScreen_Generation = YES;
				INFOPLIST_KEY_UISupportedInterfaceOrientations_iPad = "UIInterfaceOrientationPortrait UIInterfaceOrientationPortraitUpsideDown UIInterfaceOrientationLandscapeLeft UIInterfaceOrientationLandscapeRight";
				INFOPLIST_KEY_UISupportedInterfaceOrientations_iPhone = "UIInterfaceOrientationPortrait UIInterfaceOrientationLandscapeLeft UIInterfaceOrientationLandscapeRight";
				LD_RUNPATH_SEARCH_PATHS = (
					"$(inherited)",
					"@executable_path/Frameworks",
				);
				MARKETING_VERSION = 1.0;
				PRODUCT_BUNDLE_IDENTIFIER = meunomeecriss.catto;
				PRODUCT_NAME = "$(TARGET_NAME)";
				SWIFT_EMIT_LOC_STRINGS = YES;
				SWIFT_VERSION = 5.0;
				TARGETED_DEVICE_FAMILY = "1,2";
			};
			name = Release;
		};
		8A5BFEDE2D71A72800B691C7 /* Debug */ = {
			isa = XCBuildConfiguration;
			buildSettings = {
				BUNDLE_LOADER = "$(TEST_HOST)";
				CODE_SIGN_STYLE = Automatic;
				CURRENT_PROJECT_VERSION = 1;
				DEVELOPMENT_TEAM = 7T93UNM5FF;
				GENERATE_INFOPLIST_FILE = YES;
				IPHONEOS_DEPLOYMENT_TARGET = 18.1;
				MARKETING_VERSION = 1.0;
				PRODUCT_BUNDLE_IDENTIFIER = meunomeecris.CattoTests;
				PRODUCT_NAME = "$(TARGET_NAME)";
				SWIFT_EMIT_LOC_STRINGS = NO;
				SWIFT_VERSION = 5.0;
				TARGETED_DEVICE_FAMILY = "1,2";
				TEST_HOST = "$(BUILT_PRODUCTS_DIR)/Catto.app/$(BUNDLE_EXECUTABLE_FOLDER_PATH)/Catto";
			};
			name = Debug;
		};
		8A5BFEDF2D71A72800B691C7 /* Release */ = {
			isa = XCBuildConfiguration;
			buildSettings = {
				BUNDLE_LOADER = "$(TEST_HOST)";
				CODE_SIGN_STYLE = Automatic;
				CURRENT_PROJECT_VERSION = 1;
				DEVELOPMENT_TEAM = 7T93UNM5FF;
				GENERATE_INFOPLIST_FILE = YES;
				IPHONEOS_DEPLOYMENT_TARGET = 18.1;
				MARKETING_VERSION = 1.0;
				PRODUCT_BUNDLE_IDENTIFIER = meunomeecris.CattoTests;
				PRODUCT_NAME = "$(TARGET_NAME)";
				SWIFT_EMIT_LOC_STRINGS = NO;
				SWIFT_VERSION = 5.0;
				TARGETED_DEVICE_FAMILY = "1,2";
				TEST_HOST = "$(BUILT_PRODUCTS_DIR)/Catto.app/$(BUNDLE_EXECUTABLE_FOLDER_PATH)/Catto";
			};
			name = Release;
		};
/* End XCBuildConfiguration section */

/* Begin XCConfigurationList section */
		8A50A9D62C19D15300DCA88C /* Build configuration list for PBXProject "Catto" */ = {
			isa = XCConfigurationList;
			buildConfigurations = (
				8A50A9E72C19D15500DCA88C /* Debug */,
				8A50A9E82C19D15500DCA88C /* Release */,
			);
			defaultConfigurationIsVisible = 0;
			defaultConfigurationName = Release;
		};
		8A50A9E92C19D15500DCA88C /* Build configuration list for PBXNativeTarget "Catto" */ = {
			isa = XCConfigurationList;
			buildConfigurations = (
				8A50A9EA2C19D15500DCA88C /* Debug */,
				8A50A9EB2C19D15500DCA88C /* Release */,
			);
			defaultConfigurationIsVisible = 0;
			defaultConfigurationName = Release;
		};
		8A5BFEDD2D71A72800B691C7 /* Build configuration list for PBXNativeTarget "CattoTests" */ = {
			isa = XCConfigurationList;
			buildConfigurations = (
				8A5BFEDE2D71A72800B691C7 /* Debug */,
				8A5BFEDF2D71A72800B691C7 /* Release */,
			);
			defaultConfigurationIsVisible = 0;
			defaultConfigurationName = Release;
		};
/* End XCConfigurationList section */
	};
	rootObject = 8A50A9D32C19D15300DCA88C /* Project object */;
}
